
Microsoft Visual Studio Solution File, Format Version 12.00
# Visual Studio Version 16
VisualStudioVersion = 16.0.31424.327
MinimumVisualStudioVersion = 10.0.40219.1
Project("{FAE04EC0-301F-11D3-BF4B-00C04F79EFBC}") = "20210723_맹라현", "20210723_맹라현.csproj", "{9D5C48EF-2F62-4CB6-A933-1412B3290C12}"
EndProject
Global
	GlobalSection(SolutionConfigurationPlatforms) = preSolution
		Debug|Any CPU = Debug|Any CPU
		Release|Any CPU = Release|Any CPU
	EndGlobalSection
	GlobalSection(ProjectConfigurationPlatforms) = postSolution
		{9D5C48EF-2F62-4CB6-A933-1412B3290C12}.Debug|Any CPU.ActiveCfg = Debug|Any CPU
		{9D5C48EF-2F62-4CB6-A933-1412B3290C12}.Debug|Any CPU.Build.0 = Debug|Any CPU
		{9D5C48EF-2F62-4CB6-A933-1412B3290C12}.Release|Any CPU.ActiveCfg = Release|Any CPU
		{9D5C48EF-2F62-4CB6-A933-1412B3290C12}.Release|Any CPU.Build.0 = Release|Any CPU
	EndGlobalSection
	GlobalSection(SolutionProperties) = preSolution
		HideSolutionNode = FALSE
	EndGlobalSection
	GlobalSection(ExtensibilityGlobals) = postSolution
		SolutionGuid = {89B3E463-CEE7-46D7-ABA1-393A82867323}
	EndGlobalSection
EndGlobal
