
Microsoft Visual Studio Solution File, Format Version 12.00
# Visual Studio Version 16
VisualStudioVersion = 16.0.31424.327
MinimumVisualStudioVersion = 10.0.40219.1
Project("{FAE04EC0-301F-11D3-BF4B-00C04F79EFBC}") = "20210716", "20210716.csproj", "{96730A46-C508-4BA3-9C3B-D215013C23C3}"
EndProject
Global
	GlobalSection(SolutionConfigurationPlatforms) = preSolution
		Debug|Any CPU = Debug|Any CPU
		Release|Any CPU = Release|Any CPU
	EndGlobalSection
	GlobalSection(ProjectConfigurationPlatforms) = postSolution
		{96730A46-C508-4BA3-9C3B-D215013C23C3}.Debug|Any CPU.ActiveCfg = Debug|Any CPU
		{96730A46-C508-4BA3-9C3B-D215013C23C3}.Debug|Any CPU.Build.0 = Debug|Any CPU
		{96730A46-C508-4BA3-9C3B-D215013C23C3}.Release|Any CPU.ActiveCfg = Release|Any CPU
		{96730A46-C508-4BA3-9C3B-D215013C23C3}.Release|Any CPU.Build.0 = Release|Any CPU
	EndGlobalSection
	GlobalSection(SolutionProperties) = preSolution
		HideSolutionNode = FALSE
	EndGlobalSection
	GlobalSection(ExtensibilityGlobals) = postSolution
		SolutionGuid = {3E0EC928-387B-4B0C-87FD-DA98965CB205}
	EndGlobalSection
EndGlobal
